
Microsoft Visual Studio Solution File, Format Version 12.00
# Visual Studio Version 17
VisualStudioVersion = 17.4.33213.308
MinimumVisualStudioVersion = 10.0.40219.1
Project("{9A19103F-16F7-4668-BE54-9A1E7A4F7556}") = "OfficingEdge", "OfficingEdge\OfficingEdge.csproj", "{CC5A1482-CA2F-4FED-8273-C0EDE288B345}"
EndProject
Project("{2150E333-8FDC-42A3-9474-1A3956D46DE8}") = "OfficingEdgeApi", "OfficingEdgeApi", "{EC17E7D2-A442-4219-93E7-CD6C059E298E}"
EndProject
Project("{9A19103F-16F7-4668-BE54-9A1E7A4F7556}") = "OfficeModels", "OfficeModels\OfficeModels.csproj", "{1E99E495-421F-41BF-9180-A6EF687A824C}"
EndProject
Project("{2150E333-8FDC-42A3-9474-1A3956D46DE8}") = "Services", "Services", "{7E322164-ED52-48B5-B730-F0C669C86E6A}"
EndProject
Project("{2150E333-8FDC-42A3-9474-1A3956D46DE8}") = "DataAccessLayer", "DataAccessLayer", "{2FC0D309-E1D1-4FE7-BE0B-74CAC7E570D1}"
EndProject
Project("{9A19103F-16F7-4668-BE54-9A1E7A4F7556}") = "OfficeServices", "OfficeServices\OfficeServices.csproj", "{136970DB-DAA8-4C3D-9651-D7B5381351BF}"
EndProject
Project("{9A19103F-16F7-4668-BE54-9A1E7A4F7556}") = "OfficeRepositary", "OfficeRepositary\OfficeRepositary.csproj", "{834E1A35-2454-4523-A6FE-811B0C4A86E1}"
EndProject
Project("{9A19103F-16F7-4668-BE54-9A1E7A4F7556}") = "Office.DataLayer", "Office.DataLayer\Office.DataLayer.csproj", "{DF7CC926-2414-4C55-9F12-3E19B299019B}"
EndProject
Project("{FAE04EC0-301F-11D3-BF4B-00C04F79EFBC}") = "OfficeEnums", "OfficeEnums\OfficeEnums.csproj", "{4A45252C-201D-45F0-9C92-3CC1E3F7BDED}"
EndProject
Global
	GlobalSection(SolutionConfigurationPlatforms) = preSolution
		Debug|Any CPU = Debug|Any CPU
		Release|Any CPU = Release|Any CPU
	EndGlobalSection
	GlobalSection(ProjectConfigurationPlatforms) = postSolution
		{CC5A1482-CA2F-4FED-8273-C0EDE288B345}.Debug|Any CPU.ActiveCfg = Debug|Any CPU
		{CC5A1482-CA2F-4FED-8273-C0EDE288B345}.Debug|Any CPU.Build.0 = Debug|Any CPU
		{CC5A1482-CA2F-4FED-8273-C0EDE288B345}.Release|Any CPU.ActiveCfg = Release|Any CPU
		{CC5A1482-CA2F-4FED-8273-C0EDE288B345}.Release|Any CPU.Build.0 = Release|Any CPU
		{1E99E495-421F-41BF-9180-A6EF687A824C}.Debug|Any CPU.ActiveCfg = Debug|Any CPU
		{1E99E495-421F-41BF-9180-A6EF687A824C}.Debug|Any CPU.Build.0 = Debug|Any CPU
		{1E99E495-421F-41BF-9180-A6EF687A824C}.Release|Any CPU.ActiveCfg = Release|Any CPU
		{1E99E495-421F-41BF-9180-A6EF687A824C}.Release|Any CPU.Build.0 = Release|Any CPU
		{136970DB-DAA8-4C3D-9651-D7B5381351BF}.Debug|Any CPU.ActiveCfg = Debug|Any CPU
		{136970DB-DAA8-4C3D-9651-D7B5381351BF}.Debug|Any CPU.Build.0 = Debug|Any CPU
		{136970DB-DAA8-4C3D-9651-D7B5381351BF}.Release|Any CPU.ActiveCfg = Release|Any CPU
		{136970DB-DAA8-4C3D-9651-D7B5381351BF}.Release|Any CPU.Build.0 = Release|Any CPU
		{834E1A35-2454-4523-A6FE-811B0C4A86E1}.Debug|Any CPU.ActiveCfg = Debug|Any CPU
		{834E1A35-2454-4523-A6FE-811B0C4A86E1}.Debug|Any CPU.Build.0 = Debug|Any CPU
		{834E1A35-2454-4523-A6FE-811B0C4A86E1}.Release|Any CPU.ActiveCfg = Release|Any CPU
		{834E1A35-2454-4523-A6FE-811B0C4A86E1}.Release|Any CPU.Build.0 = Release|Any CPU
		{DF7CC926-2414-4C55-9F12-3E19B299019B}.Debug|Any CPU.ActiveCfg = Debug|Any CPU
		{DF7CC926-2414-4C55-9F12-3E19B299019B}.Debug|Any CPU.Build.0 = Debug|Any CPU
		{DF7CC926-2414-4C55-9F12-3E19B299019B}.Release|Any CPU.ActiveCfg = Release|Any CPU
		{DF7CC926-2414-4C55-9F12-3E19B299019B}.Release|Any CPU.Build.0 = Release|Any CPU
		{4A45252C-201D-45F0-9C92-3CC1E3F7BDED}.Debug|Any CPU.ActiveCfg = Debug|Any CPU
		{4A45252C-201D-45F0-9C92-3CC1E3F7BDED}.Debug|Any CPU.Build.0 = Debug|Any CPU
		{4A45252C-201D-45F0-9C92-3CC1E3F7BDED}.Release|Any CPU.ActiveCfg = Release|Any CPU
		{4A45252C-201D-45F0-9C92-3CC1E3F7BDED}.Release|Any CPU.Build.0 = Release|Any CPU
	EndGlobalSection
	GlobalSection(SolutionProperties) = preSolution
		HideSolutionNode = FALSE
	EndGlobalSection
	GlobalSection(NestedProjects) = preSolution
		{CC5A1482-CA2F-4FED-8273-C0EDE288B345} = {EC17E7D2-A442-4219-93E7-CD6C059E298E}
		{1E99E495-421F-41BF-9180-A6EF687A824C} = {7E322164-ED52-48B5-B730-F0C669C86E6A}
		{136970DB-DAA8-4C3D-9651-D7B5381351BF} = {7E322164-ED52-48B5-B730-F0C669C86E6A}
		{834E1A35-2454-4523-A6FE-811B0C4A86E1} = {7E322164-ED52-48B5-B730-F0C669C86E6A}
		{DF7CC926-2414-4C55-9F12-3E19B299019B} = {2FC0D309-E1D1-4FE7-BE0B-74CAC7E570D1}
		{4A45252C-201D-45F0-9C92-3CC1E3F7BDED} = {7E322164-ED52-48B5-B730-F0C669C86E6A}
	EndGlobalSection
	GlobalSection(ExtensibilityGlobals) = postSolution
		SolutionGuid = {F50B3CC4-BD18-4CF6-9A28-913B308F08A3}
	EndGlobalSection
EndGlobal
